
Microsoft Visual Studio Solution File, Format Version 12.00
# Visual Studio Version 17
VisualStudioVersion = 17.9.34714.143
MinimumVisualStudioVersion = 10.0.40219.1
Project("{FAE04EC0-301F-11D3-BF4B-00C04F79EFBC}") = "MicrosoftExample", "MicrosoftExample\MicrosoftExample.csproj", "{3BEEE477-C630-434C-A4E6-90F982276A82}"
EndProject
Project("{FAE04EC0-301F-11D3-BF4B-00C04F79EFBC}") = "PolimorfismTesting", "PolimorfismTesting\PolimorfismTesting.csproj", "{72906056-2129-4364-B221-1FE4B8ED7203}"
EndProject
Global
	GlobalSection(SolutionConfigurationPlatforms) = preSolution
		Debug|Any CPU = Debug|Any CPU
		Release|Any CPU = Release|Any CPU
	EndGlobalSection
	GlobalSection(ProjectConfigurationPlatforms) = postSolution
		{3BEEE477-C630-434C-A4E6-90F982276A82}.Debug|Any CPU.ActiveCfg = Debug|Any CPU
		{3BEEE477-C630-434C-A4E6-90F982276A82}.Debug|Any CPU.Build.0 = Debug|Any CPU
		{3BEEE477-C630-434C-A4E6-90F982276A82}.Release|Any CPU.ActiveCfg = Release|Any CPU
		{3BEEE477-C630-434C-A4E6-90F982276A82}.Release|Any CPU.Build.0 = Release|Any CPU
		{72906056-2129-4364-B221-1FE4B8ED7203}.Debug|Any CPU.ActiveCfg = Debug|Any CPU
		{72906056-2129-4364-B221-1FE4B8ED7203}.Debug|Any CPU.Build.0 = Debug|Any CPU
		{72906056-2129-4364-B221-1FE4B8ED7203}.Release|Any CPU.ActiveCfg = Release|Any CPU
		{72906056-2129-4364-B221-1FE4B8ED7203}.Release|Any CPU.Build.0 = Release|Any CPU
	EndGlobalSection
	GlobalSection(SolutionProperties) = preSolution
		HideSolutionNode = FALSE
	EndGlobalSection
	GlobalSection(ExtensibilityGlobals) = postSolution
		SolutionGuid = {52B9D4A1-7CB4-4301-90A2-21A6E7FBB913}
	EndGlobalSection
EndGlobal
