
Microsoft Visual Studio Solution File, Format Version 12.00
# Visual Studio Version 17
VisualStudioVersion = 17.13.35931.197 d17.13
MinimumVisualStudioVersion = 10.0.40219.1
Project("{FAE04EC0-301F-11D3-BF4B-00C04F79EFBC}") = "Reflection", "Reflection\Reflection.csproj", "{6B43465C-F778-45FB-844A-5129FA1692B2}"
EndProject
Global
	GlobalSection(SolutionConfigurationPlatforms) = preSolution
		Debug|Any CPU = Debug|Any CPU
		Release|Any CPU = Release|Any CPU
	EndGlobalSection
	GlobalSection(ProjectConfigurationPlatforms) = postSolution
		{6B43465C-F778-45FB-844A-5129FA1692B2}.Debug|Any CPU.ActiveCfg = Debug|Any CPU
		{6B43465C-F778-45FB-844A-5129FA1692B2}.Debug|Any CPU.Build.0 = Debug|Any CPU
		{6B43465C-F778-45FB-844A-5129FA1692B2}.Release|Any CPU.ActiveCfg = Release|Any CPU
		{6B43465C-F778-45FB-844A-5129FA1692B2}.Release|Any CPU.Build.0 = Release|Any CPU
	EndGlobalSection
	GlobalSection(SolutionProperties) = preSolution
		HideSolutionNode = FALSE
	EndGlobalSection
	GlobalSection(ExtensibilityGlobals) = postSolution
		SolutionGuid = {E2B5D385-535D-4076-A562-BD0EF152B20B}
	EndGlobalSection
EndGlobal
