
Microsoft Visual Studio Solution File, Format Version 12.00
# Visual Studio Version 17
VisualStudioVersion = 17.13.35931.197 d17.13
MinimumVisualStudioVersion = 10.0.40219.1
Project("{FAE04EC0-301F-11D3-BF4B-00C04F79EFBC}") = "DependencyInjectionTesting", "DependencyInjectionTesting.csproj", "{CF547072-44FC-4C0D-AE0B-EF318C9898FD}"
EndProject
Global
	GlobalSection(SolutionConfigurationPlatforms) = preSolution
		Debug|Any CPU = Debug|Any CPU
		Release|Any CPU = Release|Any CPU
	EndGlobalSection
	GlobalSection(ProjectConfigurationPlatforms) = postSolution
		{CF547072-44FC-4C0D-AE0B-EF318C9898FD}.Debug|Any CPU.ActiveCfg = Debug|Any CPU
		{CF547072-44FC-4C0D-AE0B-EF318C9898FD}.Debug|Any CPU.Build.0 = Debug|Any CPU
		{CF547072-44FC-4C0D-AE0B-EF318C9898FD}.Release|Any CPU.ActiveCfg = Release|Any CPU
		{CF547072-44FC-4C0D-AE0B-EF318C9898FD}.Release|Any CPU.Build.0 = Release|Any CPU
	EndGlobalSection
	GlobalSection(SolutionProperties) = preSolution
		HideSolutionNode = FALSE
	EndGlobalSection
	GlobalSection(ExtensibilityGlobals) = postSolution
		SolutionGuid = {710E4C1A-C6B4-40EC-9603-60A11904F4B8}
	EndGlobalSection
EndGlobal
