
Microsoft Visual Studio Solution File, Format Version 12.00
# Visual Studio Version 17
VisualStudioVersion = 17.13.35931.197
MinimumVisualStudioVersion = 10.0.40219.1
Project("{FAE04EC0-301F-11D3-BF4B-00C04F79EFBC}") = "DelegatesTesting", "DelegatesTesting\DelegatesTesting.csproj", "{5DFF2319-439E-46F8-8B9F-3EB5D22725DD}"
EndProject
Project("{FAE04EC0-301F-11D3-BF4B-00C04F79EFBC}") = "EventsTesting", "EventsTesting\EventsTesting.csproj", "{7B24EB61-D3DE-4B96-ABDD-813F27F8AF93}"
EndProject
Project("{FAE04EC0-301F-11D3-BF4B-00C04F79EFBC}") = "TupleTesting", "TupleTesting\TupleTesting.csproj", "{EE4EFC33-A62F-43B8-B928-36F7E6398A34}"
EndProject
Project("{FAE04EC0-301F-11D3-BF4B-00C04F79EFBC}") = "LambdaTesting", "LambdaTesting\LambdaTesting.csproj", "{1F69964F-7371-46D6-A010-D755F48AC759}"
EndProject
Global
	GlobalSection(SolutionConfigurationPlatforms) = preSolution
		Debug|Any CPU = Debug|Any CPU
		Release|Any CPU = Release|Any CPU
	EndGlobalSection
	GlobalSection(ProjectConfigurationPlatforms) = postSolution
		{5DFF2319-439E-46F8-8B9F-3EB5D22725DD}.Debug|Any CPU.ActiveCfg = Debug|Any CPU
		{5DFF2319-439E-46F8-8B9F-3EB5D22725DD}.Debug|Any CPU.Build.0 = Debug|Any CPU
		{5DFF2319-439E-46F8-8B9F-3EB5D22725DD}.Release|Any CPU.ActiveCfg = Release|Any CPU
		{5DFF2319-439E-46F8-8B9F-3EB5D22725DD}.Release|Any CPU.Build.0 = Release|Any CPU
		{7B24EB61-D3DE-4B96-ABDD-813F27F8AF93}.Debug|Any CPU.ActiveCfg = Debug|Any CPU
		{7B24EB61-D3DE-4B96-ABDD-813F27F8AF93}.Debug|Any CPU.Build.0 = Debug|Any CPU
		{7B24EB61-D3DE-4B96-ABDD-813F27F8AF93}.Release|Any CPU.ActiveCfg = Release|Any CPU
		{7B24EB61-D3DE-4B96-ABDD-813F27F8AF93}.Release|Any CPU.Build.0 = Release|Any CPU
		{EE4EFC33-A62F-43B8-B928-36F7E6398A34}.Debug|Any CPU.ActiveCfg = Debug|Any CPU
		{EE4EFC33-A62F-43B8-B928-36F7E6398A34}.Debug|Any CPU.Build.0 = Debug|Any CPU
		{EE4EFC33-A62F-43B8-B928-36F7E6398A34}.Release|Any CPU.ActiveCfg = Release|Any CPU
		{EE4EFC33-A62F-43B8-B928-36F7E6398A34}.Release|Any CPU.Build.0 = Release|Any CPU
		{1F69964F-7371-46D6-A010-D755F48AC759}.Debug|Any CPU.ActiveCfg = Debug|Any CPU
		{1F69964F-7371-46D6-A010-D755F48AC759}.Debug|Any CPU.Build.0 = Debug|Any CPU
		{1F69964F-7371-46D6-A010-D755F48AC759}.Release|Any CPU.ActiveCfg = Release|Any CPU
		{1F69964F-7371-46D6-A010-D755F48AC759}.Release|Any CPU.Build.0 = Release|Any CPU
	EndGlobalSection
	GlobalSection(SolutionProperties) = preSolution
		HideSolutionNode = FALSE
	EndGlobalSection
	GlobalSection(ExtensibilityGlobals) = postSolution
		SolutionGuid = {0A267A8A-1BEE-40EE-89C4-795D2DB5C6F4}
	EndGlobalSection
EndGlobal
